Microsoft Visual Studio Solution File, Format Version 12.00
# Visual Studio Version 17
VisualStudioVersion = 17.5.2.0
MinimumVisualStudioVersion = 10.0.40219.1
Project("{2150E333-8FDC-42A3-9474-1A3956D46DE8}") = "Api", "Api", "{D82C56D6-B2CD-F611-9E31-04638F7EC30E}"
EndProject
Project("{2150E333-8FDC-42A3-9474-1A3956D46DE8}") = "Application", "Application", "{A74F262E-BDE7-D5D2-89E9-785413424D0A}"
EndProject
Project("{2150E333-8FDC-42A3-9474-1A3956D46DE8}") = "Infrastructure", "Infrastructure", "{DFEE68D8-A7D0-1A41-506C-9B74AA9A7B7B}"
EndProject
Project("{2150E333-8FDC-42A3-9474-1A3956D46DE8}") = "Domain", "Domain", "{996CEBED-A05B-5D42-3FF0-982E087A2599}"
EndProject
Project("{FAE04EC0-301F-11D3-BF4B-00C04F79EFBC}") = "Casamento.Api", "Api\Casamento.Api.csproj", "{2156F701-657C-1B19-B280-837DBC926CA4}"
EndProject
Project("{FAE04EC0-301F-11D3-BF4B-00C04F79EFBC}") = "Casamento.Application", "Application\Casamento.Application.csproj", "{6DDB69DA-91EB-E699-9F99-8F55B85880B1}"
EndProject
Project("{FAE04EC0-301F-11D3-BF4B-00C04F79EFBC}") = "Casamento.Infrastructure", "Infrastructure\Casamento.Infrastructure.csproj", "{C474B1BD-3EC1-CE37-129D-8C31FD5CA10C}"
EndProject
Project("{FAE04EC0-301F-11D3-BF4B-00C04F79EFBC}") = "Casamento.Domain", "Domain\Casamento.Domain.csproj", "{C639EA09-E241-A8F7-AE56-620C6921A3D2}"
EndProject
Project("{2150E333-8FDC-42A3-9474-1A3956D46DE8}") = "obj", "obj", "{DE7855AF-7336-D889-443A-2C13860797ED}"
EndProject
Project("{2150E333-8FDC-42A3-9474-1A3956D46DE8}") = "Release", "Release", "{C0A7B827-D65A-B0F4-A869-B55CF67F76AA}"
EndProject
Project("{2150E333-8FDC-42A3-9474-1A3956D46DE8}") = "net8.0", "net8.0", "{93431221-0619-064E-53E9-B4EBC7027E25}"
EndProject
Project("{FAE04EC0-301F-11D3-BF4B-00C04F79EFBC}") = "WorkerExtensions", "Api\obj\Release\net8.0\WorkerExtensions\WorkerExtensions.csproj", "{FC922D9F-FD52-A9CA-55F2-77C9C35B316C}"
EndProject
Project("{2150E333-8FDC-42A3-9474-1A3956D46DE8}") = "Debug", "Debug", "{7C12A11C-F55F-40E4-6B93-C32A2430011A}"
EndProject
Project("{2150E333-8FDC-42A3-9474-1A3956D46DE8}") = "net8.0", "net8.0", "{BBDA566F-7F0C-C21A-ADCC-BDDBE38052DB}"
EndProject
Project("{FAE04EC0-301F-11D3-BF4B-00C04F79EFBC}") = "WorkerExtensions", "Api\obj\Debug\net8.0\WorkerExtensions\WorkerExtensions.csproj", "{17C9519B-5F46-B7A0-B921-0F99AE6838CA}"
EndProject
Global
	GlobalSection(SolutionConfigurationPlatforms) = preSolution
		Debug|Any CPU = Debug|Any CPU
		Release|Any CPU = Release|Any CPU
	EndGlobalSection
	GlobalSection(ProjectConfigurationPlatforms) = postSolution
		{2156F701-657C-1B19-B280-837DBC926CA4}.Debug|Any CPU.ActiveCfg = Debug|Any CPU
		{2156F701-657C-1B19-B280-837DBC926CA4}.Debug|Any CPU.Build.0 = Debug|Any CPU
		{2156F701-657C-1B19-B280-837DBC926CA4}.Release|Any CPU.ActiveCfg = Release|Any CPU
		{2156F701-657C-1B19-B280-837DBC926CA4}.Release|Any CPU.Build.0 = Release|Any CPU
		{6DDB69DA-91EB-E699-9F99-8F55B85880B1}.Debug|Any CPU.ActiveCfg = Debug|Any CPU
		{6DDB69DA-91EB-E699-9F99-8F55B85880B1}.Debug|Any CPU.Build.0 = Debug|Any CPU
		{6DDB69DA-91EB-E699-9F99-8F55B85880B1}.Release|Any CPU.ActiveCfg = Release|Any CPU
		{6DDB69DA-91EB-E699-9F99-8F55B85880B1}.Release|Any CPU.Build.0 = Release|Any CPU
		{C474B1BD-3EC1-CE37-129D-8C31FD5CA10C}.Debug|Any CPU.ActiveCfg = Debug|Any CPU
		{C474B1BD-3EC1-CE37-129D-8C31FD5CA10C}.Debug|Any CPU.Build.0 = Debug|Any CPU
		{C474B1BD-3EC1-CE37-129D-8C31FD5CA10C}.Release|Any CPU.ActiveCfg = Release|Any CPU
		{C474B1BD-3EC1-CE37-129D-8C31FD5CA10C}.Release|Any CPU.Build.0 = Release|Any CPU
		{C639EA09-E241-A8F7-AE56-620C6921A3D2}.Debug|Any CPU.ActiveCfg = Debug|Any CPU
		{C639EA09-E241-A8F7-AE56-620C6921A3D2}.Debug|Any CPU.Build.0 = Debug|Any CPU
		{C639EA09-E241-A8F7-AE56-620C6921A3D2}.Release|Any CPU.ActiveCfg = Release|Any CPU
		{C639EA09-E241-A8F7-AE56-620C6921A3D2}.Release|Any CPU.Build.0 = Release|Any CPU
		{FC922D9F-FD52-A9CA-55F2-77C9C35B316C}.Debug|Any CPU.ActiveCfg = Debug|Any CPU
		{FC922D9F-FD52-A9CA-55F2-77C9C35B316C}.Debug|Any CPU.Build.0 = Debug|Any CPU
		{FC922D9F-FD52-A9CA-55F2-77C9C35B316C}.Release|Any CPU.ActiveCfg = Release|Any CPU
		{FC922D9F-FD52-A9CA-55F2-77C9C35B316C}.Release|Any CPU.Build.0 = Release|Any CPU
		{17C9519B-5F46-B7A0-B921-0F99AE6838CA}.Debug|Any CPU.ActiveCfg = Debug|Any CPU
		{17C9519B-5F46-B7A0-B921-0F99AE6838CA}.Debug|Any CPU.Build.0 = Debug|Any CPU
		{17C9519B-5F46-B7A0-B921-0F99AE6838CA}.Release|Any CPU.ActiveCfg = Release|Any CPU
		{17C9519B-5F46-B7A0-B921-0F99AE6838CA}.Release|Any CPU.Build.0 = Release|Any CPU
	EndGlobalSection
	GlobalSection(SolutionProperties) = preSolution
		HideSolutionNode = FALSE
	EndGlobalSection
	GlobalSection(NestedProjects) = preSolution
		{2156F701-657C-1B19-B280-837DBC926CA4} = {D82C56D6-B2CD-F611-9E31-04638F7EC30E}
		{6DDB69DA-91EB-E699-9F99-8F55B85880B1} = {A74F262E-BDE7-D5D2-89E9-785413424D0A}
		{C474B1BD-3EC1-CE37-129D-8C31FD5CA10C} = {DFEE68D8-A7D0-1A41-506C-9B74AA9A7B7B}
		{C639EA09-E241-A8F7-AE56-620C6921A3D2} = {996CEBED-A05B-5D42-3FF0-982E087A2599}
		{DE7855AF-7336-D889-443A-2C13860797ED} = {D82C56D6-B2CD-F611-9E31-04638F7EC30E}
		{C0A7B827-D65A-B0F4-A869-B55CF67F76AA} = {DE7855AF-7336-D889-443A-2C13860797ED}
		{93431221-0619-064E-53E9-B4EBC7027E25} = {C0A7B827-D65A-B0F4-A869-B55CF67F76AA}
		{FC922D9F-FD52-A9CA-55F2-77C9C35B316C} = {93431221-0619-064E-53E9-B4EBC7027E25}
		{7C12A11C-F55F-40E4-6B93-C32A2430011A} = {DE7855AF-7336-D889-443A-2C13860797ED}
		{BBDA566F-7F0C-C21A-ADCC-BDDBE38052DB} = {7C12A11C-F55F-40E4-6B93-C32A2430011A}
		{17C9519B-5F46-B7A0-B921-0F99AE6838CA} = {BBDA566F-7F0C-C21A-ADCC-BDDBE38052DB}
	EndGlobalSection
	GlobalSection(ExtensibilityGlobals) = postSolution
		SolutionGuid = {56671DCA-598D-493A-A75E-F19DB3DB51CD}
	EndGlobalSection
EndGlobal
